
Microsoft Visual Studio Solution File, Format Version 12.00
# Visual Studio 15
VisualStudioVersion = 15.0.28307.757
MinimumVisualStudioVersion = 10.0.40219.1
Project("{FAE04EC0-301F-11D3-BF4B-00C04F79EFBC}") = "Aiolia.NetCore21.Web", "Aiolia.NetCore21.Web\Aiolia.NetCore21.Web.csproj", "{EB25E34C-090C-48CA-8D73-7A481303D95D}"
EndProject
Project("{FAE04EC0-301F-11D3-BF4B-00C04F79EFBC}") = "Aiolia.NetCore21.Repository", "Aiolia.NetCore21.Repository\Aiolia.NetCore21.Repository.csproj", "{9ED47E63-A364-471D-A5C4-B7ECFFEFA10A}"
EndProject
Project("{FAE04EC0-301F-11D3-BF4B-00C04F79EFBC}") = "Aiolia.NetCore21.Repository.EFRepository", "Aiolia.NetCore21.Repository.EFRepository\Aiolia.NetCore21.Repository.EFRepository.csproj", "{28C5B552-3167-4161-8E7B-58615D88997F}"
EndProject
Project("{FAE04EC0-301F-11D3-BF4B-00C04F79EFBC}") = "Aiolia.NetCore21.Domain", "Aiolia.NetCore21.Domain\Aiolia.NetCore21.Domain.csproj", "{CE556A1D-F2CF-48DF-9E92-9DBC579C274A}"
EndProject
Project("{FAE04EC0-301F-11D3-BF4B-00C04F79EFBC}") = "Aiolia.NetCore21.Service", "Aiolia.NetCore21.Service\Aiolia.NetCore21.Service.csproj", "{C748019E-FFF1-46BF-BFE6-9A337500B1D3}"
EndProject
Global
	GlobalSection(SolutionConfigurationPlatforms) = preSolution
		Debug|Any CPU = Debug|Any CPU
		Release|Any CPU = Release|Any CPU
	EndGlobalSection
	GlobalSection(ProjectConfigurationPlatforms) = postSolution
		{EB25E34C-090C-48CA-8D73-7A481303D95D}.Debug|Any CPU.ActiveCfg = Debug|Any CPU
		{EB25E34C-090C-48CA-8D73-7A481303D95D}.Debug|Any CPU.Build.0 = Debug|Any CPU
		{EB25E34C-090C-48CA-8D73-7A481303D95D}.Release|Any CPU.ActiveCfg = Release|Any CPU
		{EB25E34C-090C-48CA-8D73-7A481303D95D}.Release|Any CPU.Build.0 = Release|Any CPU
		{9ED47E63-A364-471D-A5C4-B7ECFFEFA10A}.Debug|Any CPU.ActiveCfg = Debug|Any CPU
		{9ED47E63-A364-471D-A5C4-B7ECFFEFA10A}.Debug|Any CPU.Build.0 = Debug|Any CPU
		{9ED47E63-A364-471D-A5C4-B7ECFFEFA10A}.Release|Any CPU.ActiveCfg = Release|Any CPU
		{9ED47E63-A364-471D-A5C4-B7ECFFEFA10A}.Release|Any CPU.Build.0 = Release|Any CPU
		{28C5B552-3167-4161-8E7B-58615D88997F}.Debug|Any CPU.ActiveCfg = Debug|Any CPU
		{28C5B552-3167-4161-8E7B-58615D88997F}.Debug|Any CPU.Build.0 = Debug|Any CPU
		{28C5B552-3167-4161-8E7B-58615D88997F}.Release|Any CPU.ActiveCfg = Release|Any CPU
		{28C5B552-3167-4161-8E7B-58615D88997F}.Release|Any CPU.Build.0 = Release|Any CPU
		{CE556A1D-F2CF-48DF-9E92-9DBC579C274A}.Debug|Any CPU.ActiveCfg = Debug|Any CPU
		{CE556A1D-F2CF-48DF-9E92-9DBC579C274A}.Debug|Any CPU.Build.0 = Debug|Any CPU
		{CE556A1D-F2CF-48DF-9E92-9DBC579C274A}.Release|Any CPU.ActiveCfg = Release|Any CPU
		{CE556A1D-F2CF-48DF-9E92-9DBC579C274A}.Release|Any CPU.Build.0 = Release|Any CPU
		{C748019E-FFF1-46BF-BFE6-9A337500B1D3}.Debug|Any CPU.ActiveCfg = Debug|Any CPU
		{C748019E-FFF1-46BF-BFE6-9A337500B1D3}.Debug|Any CPU.Build.0 = Debug|Any CPU
		{C748019E-FFF1-46BF-BFE6-9A337500B1D3}.Release|Any CPU.ActiveCfg = Release|Any CPU
		{C748019E-FFF1-46BF-BFE6-9A337500B1D3}.Release|Any CPU.Build.0 = Release|Any CPU
	EndGlobalSection
	GlobalSection(SolutionProperties) = preSolution
		HideSolutionNode = FALSE
	EndGlobalSection
	GlobalSection(ExtensibilityGlobals) = postSolution
		SolutionGuid = {4AFC6479-0E15-45B2-89EB-5CEB54DEB49D}
	EndGlobalSection
EndGlobal
